
Microsoft Visual Studio Solution File, Format Version 12.00
# Visual Studio 15
VisualStudioVersion = 15.0.27428.2043
MinimumVisualStudioVersion = 10.0.40219.1
Project("{FAE04EC0-301F-11D3-BF4B-00C04F79EFBC}") = "AdventureWorksLibraryTests", "AdventureWorksLibraryTests\AdventureWorksLibraryTests.csproj", "{A1F18941-60AF-4FD0-B22A-A592FBFCA6B1}"
EndProject
Project("{FAE04EC0-301F-11D3-BF4B-00C04F79EFBC}") = "AdWLibrary", "AdWLibrary\AdWLibrary.csproj", "{D7A159A0-E6A6-4437-816B-FAC5F6E688B2}"
EndProject
Global
	GlobalSection(SolutionConfigurationPlatforms) = preSolution
		Debug|Any CPU = Debug|Any CPU
		Release|Any CPU = Release|Any CPU
	EndGlobalSection
	GlobalSection(ProjectConfigurationPlatforms) = postSolution
		{A1F18941-60AF-4FD0-B22A-A592FBFCA6B1}.Debug|Any CPU.ActiveCfg = Debug|Any CPU
		{A1F18941-60AF-4FD0-B22A-A592FBFCA6B1}.Debug|Any CPU.Build.0 = Debug|Any CPU
		{A1F18941-60AF-4FD0-B22A-A592FBFCA6B1}.Release|Any CPU.ActiveCfg = Release|Any CPU
		{A1F18941-60AF-4FD0-B22A-A592FBFCA6B1}.Release|Any CPU.Build.0 = Release|Any CPU
		{D7A159A0-E6A6-4437-816B-FAC5F6E688B2}.Debug|Any CPU.ActiveCfg = Debug|Any CPU
		{D7A159A0-E6A6-4437-816B-FAC5F6E688B2}.Debug|Any CPU.Build.0 = Debug|Any CPU
		{D7A159A0-E6A6-4437-816B-FAC5F6E688B2}.Release|Any CPU.ActiveCfg = Release|Any CPU
		{D7A159A0-E6A6-4437-816B-FAC5F6E688B2}.Release|Any CPU.Build.0 = Release|Any CPU
	EndGlobalSection
	GlobalSection(SolutionProperties) = preSolution
		HideSolutionNode = FALSE
	EndGlobalSection
	GlobalSection(ExtensibilityGlobals) = postSolution
		SolutionGuid = {D40D15B6-0AEA-4EBF-AF9F-A81726A91D89}
	EndGlobalSection
EndGlobal
